
Microsoft Visual Studio Solution File, Format Version 12.00
# Visual Studio Version 16
VisualStudioVersion = 16.0.30621.155
MinimumVisualStudioVersion = 10.0.40219.1
Project("{FAE04EC0-301F-11D3-BF4B-00C04F79EFBC}") = "SessionCapture", "SessionCapture\SessionCapture.csproj", "{7A0DCE45-AE71-4736-9AB3-66EF5A41D1B9}"
EndProject
Global
	GlobalSection(SolutionConfigurationPlatforms) = preSolution
		Debug|Any CPU = Debug|Any CPU
		Release|Any CPU = Release|Any CPU
	EndGlobalSection
	GlobalSection(ProjectConfigurationPlatforms) = postSolution
		{7A0DCE45-AE71-4736-9AB3-66EF5A41D1B9}.Debug|Any CPU.ActiveCfg = Debug|Any CPU
		{7A0DCE45-AE71-4736-9AB3-66EF5A41D1B9}.Debug|Any CPU.Build.0 = Debug|Any CPU
		{7A0DCE45-AE71-4736-9AB3-66EF5A41D1B9}.Release|Any CPU.ActiveCfg = Release|Any CPU
		{7A0DCE45-AE71-4736-9AB3-66EF5A41D1B9}.Release|Any CPU.Build.0 = Release|Any CPU
	EndGlobalSection
	GlobalSection(SolutionProperties) = preSolution
		HideSolutionNode = FALSE
	EndGlobalSection
	GlobalSection(ExtensibilityGlobals) = postSolution
		SolutionGuid = {6B7F9608-0369-446E-A235-D581CAB0A388}
	EndGlobalSection
EndGlobal
